
Microsoft Visual Studio Solution File, Format Version 12.00
# Visual Studio Version 16
VisualStudioVersion = 16.0.30907.101
MinimumVisualStudioVersion = 10.0.40219.1
Project("{FAE04EC0-301F-11D3-BF4B-00C04F79EFBC}") = "Typing_Game", "Typing_Game.csproj", "{7200E16F-9CC0-4012-B377-FDCD538C385E}"
EndProject
Global
	GlobalSection(SolutionConfigurationPlatforms) = preSolution
		Debug|Any CPU = Debug|Any CPU
		Release|Any CPU = Release|Any CPU
	EndGlobalSection
	GlobalSection(ProjectConfigurationPlatforms) = postSolution
		{7200E16F-9CC0-4012-B377-FDCD538C385E}.Debug|Any CPU.ActiveCfg = Debug|Any CPU
		{7200E16F-9CC0-4012-B377-FDCD538C385E}.Debug|Any CPU.Build.0 = Debug|Any CPU
		{7200E16F-9CC0-4012-B377-FDCD538C385E}.Release|Any CPU.ActiveCfg = Release|Any CPU
		{7200E16F-9CC0-4012-B377-FDCD538C385E}.Release|Any CPU.Build.0 = Release|Any CPU
	EndGlobalSection
	GlobalSection(SolutionProperties) = preSolution
		HideSolutionNode = FALSE
	EndGlobalSection
	GlobalSection(ExtensibilityGlobals) = postSolution
		SolutionGuid = {604C3855-E62D-46E9-98CE-D53D3FBEE458}
	EndGlobalSection
EndGlobal
